// !$*UTF8*$!
{
	archiveVersion = 1;
	classes = {
	};
	objectVersion = 50;
	objects = {

/* Begin PBXBuildFile section */
		4F0BE6AD450D9F52E12BFE4E /* libPods-Notes.a in Frameworks */ = {isa = PBXBuildFile; fileRef = 536A0BFEFE2DB76A7D92D2FB /* libPods-Notes.a */; };
		733A038F95489986B1ED7CB7 /* libPods-NotesTests.a in Frameworks */ = {isa = PBXBuildFile; fileRef = 73470CAFC2F775C4281E8C27 /* libPods-NotesTests.a */; };
		782D772C22D41883009E31D9 /* ColorPickerView.swift in Sources */ = {isa = PBXBuildFile; fileRef = 782D772B22D41883009E31D9 /* ColorPickerView.swift */; };
		789386D722DA04A800D8EFBB /* ColorPickBox.swift in Sources */ = {isa = PBXBuildFile; fileRef = 789386D622DA04A800D8EFBB /* ColorPickBox.swift */; };
		78A7E9AC22C87C2100D11AEC /* AppDelegate.swift in Sources */ = {isa = PBXBuildFile; fileRef = 78A7E9AB22C87C2100D11AEC /* AppDelegate.swift */; };
		78A7E9AE22C87C2100D11AEC /* NoteEditViewController.swift in Sources */ = {isa = PBXBuildFile; fileRef = 78A7E9AD22C87C2100D11AEC /* NoteEditViewController.swift */; };
		78A7E9B122C87C2100D11AEC /* Main.storyboard in Resources */ = {isa = PBXBuildFile; fileRef = 78A7E9AF22C87C2100D11AEC /* Main.storyboard */; };
		78A7E9B322C87C2200D11AEC /* Assets.xcassets in Resources */ = {isa = PBXBuildFile; fileRef = 78A7E9B222C87C2200D11AEC /* Assets.xcassets */; };
		78A7E9B622C87C2200D11AEC /* LaunchScreen.storyboard in Resources */ = {isa = PBXBuildFile; fileRef = 78A7E9B422C87C2200D11AEC /* LaunchScreen.storyboard */; };
		78A7E9C122C87C2200D11AEC /* NotesTests.swift in Sources */ = {isa = PBXBuildFile; fileRef = 78A7E9C022C87C2200D11AEC /* NotesTests.swift */; };
		78A7E9CD22C87C5800D11AEC /* Note.swift in Sources */ = {isa = PBXBuildFile; fileRef = 78A7E9CC22C87C5800D11AEC /* Note.swift */; };
		78A7E9CF22C87C7100D11AEC /* NoteExtension.swift in Sources */ = {isa = PBXBuildFile; fileRef = 78A7E9CE22C87C7100D11AEC /* NoteExtension.swift */; };
		78A7E9D122C87C7D00D11AEC /* FileNotebook.swift in Sources */ = {isa = PBXBuildFile; fileRef = 78A7E9D022C87C7D00D11AEC /* FileNotebook.swift */; };
		78E33D1822DCA7BC000786E5 /* NotebookViewController.swift in Sources */ = {isa = PBXBuildFile; fileRef = 78E33D1722DCA7BC000786E5 /* NotebookViewController.swift */; };
		78E33D8322DD7F8B000786E5 /* NoteTableViewCell.swift in Sources */ = {isa = PBXBuildFile; fileRef = 78E33D8122DD7F8B000786E5 /* NoteTableViewCell.swift */; };
		78E33D8422DD7F8B000786E5 /* NoteTableViewCell.xib in Resources */ = {isa = PBXBuildFile; fileRef = 78E33D8222DD7F8B000786E5 /* NoteTableViewCell.xib */; };
		78F42EDD22D75BE2008E950C /* CheckMark.swift in Sources */ = {isa = PBXBuildFile; fileRef = 78F42EDC22D75BE2008E950C /* CheckMark.swift */; };
		78F42EE322D9D4B5008E950C /* ColorPickerVC.swift in Sources */ = {isa = PBXBuildFile; fileRef = 78F42EE222D9D4B5008E950C /* ColorPickerVC.swift */; };
/* End PBXBuildFile section */

/* Begin PBXContainerItemProxy section */
		78A7E9BD22C87C2200D11AEC /* PBXContainerItemProxy */ = {
			isa = PBXContainerItemProxy;
			containerPortal = 78A7E9A022C87C2100D11AEC /* Project object */;
			proxyType = 1;
			remoteGlobalIDString = 78A7E9A722C87C2100D11AEC;
			remoteInfo = Notes;
		};
/* End PBXContainerItemProxy section */

/* Begin PBXFileReference section */
		2509A48C09922A87867CEB8D /* Pods-NotesTests.debug.xcconfig */ = {isa = PBXFileReference; includeInIndex = 1; lastKnownFileType = text.xcconfig; name = "Pods-NotesTests.debug.xcconfig"; path = "Target Support Files/Pods-NotesTests/Pods-NotesTests.debug.xcconfig"; sourceTree = "<group>"; };
		43F674823D85F6E1B9BB4087 /* Pods-Notes.test.xcconfig */ = {isa = PBXFileReference; includeInIndex = 1; lastKnownFileType = text.xcconfig; name = "Pods-Notes.test.xcconfig"; path = "Target Support Files/Pods-Notes/Pods-Notes.test.xcconfig"; sourceTree = "<group>"; };
		536A0BFEFE2DB76A7D92D2FB /* libPods-Notes.a */ = {isa = PBXFileReference; explicitFileType = archive.ar; includeInIndex = 0; path = "libPods-Notes.a"; sourceTree = BUILT_PRODUCTS_DIR; };
		73470CAFC2F775C4281E8C27 /* libPods-NotesTests.a */ = {isa = PBXFileReference; explicitFileType = archive.ar; includeInIndex = 0; path = "libPods-NotesTests.a"; sourceTree = BUILT_PRODUCTS_DIR; };
		782D772B22D41883009E31D9 /* ColorPickerView.swift */ = {isa = PBXFileReference; lastKnownFileType = sourcecode.swift; path = ColorPickerView.swift; sourceTree = "<group>"; };
		789386D622DA04A800D8EFBB /* ColorPickBox.swift */ = {isa = PBXFileReference; lastKnownFileType = sourcecode.swift; path = ColorPickBox.swift; sourceTree = "<group>"; };
		78A7E9A822C87C2100D11AEC /* Notes.app */ = {isa = PBXFileReference; explicitFileType = wrapper.application; includeInIndex = 0; path = Notes.app; sourceTree = BUILT_PRODUCTS_DIR; };
		78A7E9AB22C87C2100D11AEC /* AppDelegate.swift */ = {isa = PBXFileReference; lastKnownFileType = sourcecode.swift; path = AppDelegate.swift; sourceTree = "<group>"; };
		78A7E9AD22C87C2100D11AEC /* NoteEditViewController.swift */ = {isa = PBXFileReference; lastKnownFileType = sourcecode.swift; path = NoteEditViewController.swift; sourceTree = "<group>"; };
		78A7E9B022C87C2100D11AEC /* Base */ = {isa = PBXFileReference; lastKnownFileType = file.storyboard; name = Base; path = Base.lproj/Main.storyboard; sourceTree = "<group>"; };
		78A7E9B222C87C2200D11AEC /* Assets.xcassets */ = {isa = PBXFileReference; lastKnownFileType = folder.assetcatalog; path = Assets.xcassets; sourceTree = "<group>"; };
		78A7E9B522C87C2200D11AEC /* Base */ = {isa = PBXFileReference; lastKnownFileType = file.storyboard; name = Base; path = Base.lproj/LaunchScreen.storyboard; sourceTree = "<group>"; };
		78A7E9B722C87C2200D11AEC /* Info.plist */ = {isa = PBXFileReference; lastKnownFileType = text.plist.xml; path = Info.plist; sourceTree = "<group>"; };
		78A7E9BC22C87C2200D11AEC /* NotesTests.xctest */ = {isa = PBXFileReference; explicitFileType = wrapper.cfbundle; includeInIndex = 0; path = NotesTests.xctest; sourceTree = BUILT_PRODUCTS_DIR; };
		78A7E9C022C87C2200D11AEC /* NotesTests.swift */ = {isa = PBXFileReference; lastKnownFileType = sourcecode.swift; path = NotesTests.swift; sourceTree = "<group>"; };
		78A7E9C222C87C2200D11AEC /* Info.plist */ = {isa = PBXFileReference; lastKnownFileType = text.plist.xml; path = Info.plist; sourceTree = "<group>"; };
		78A7E9CC22C87C5800D11AEC /* Note.swift */ = {isa = PBXFileReference; fileEncoding = 4; lastKnownFileType = sourcecode.swift; path = Note.swift; sourceTree = "<group>"; };
		78A7E9CE22C87C7100D11AEC /* NoteExtension.swift */ = {isa = PBXFileReference; fileEncoding = 4; lastKnownFileType = sourcecode.swift; path = NoteExtension.swift; sourceTree = "<group>"; };
		78A7E9D022C87C7D00D11AEC /* FileNotebook.swift */ = {isa = PBXFileReference; fileEncoding = 4; lastKnownFileType = sourcecode.swift; path = FileNotebook.swift; sourceTree = "<group>"; };
		78E33D1722DCA7BC000786E5 /* NotebookViewController.swift */ = {isa = PBXFileReference; lastKnownFileType = sourcecode.swift; path = NotebookViewController.swift; sourceTree = "<group>"; };
		78E33D8122DD7F8B000786E5 /* NoteTableViewCell.swift */ = {isa = PBXFileReference; lastKnownFileType = sourcecode.swift; path = NoteTableViewCell.swift; sourceTree = "<group>"; };
		78E33D8222DD7F8B000786E5 /* NoteTableViewCell.xib */ = {isa = PBXFileReference; lastKnownFileType = file.xib; path = NoteTableViewCell.xib; sourceTree = "<group>"; };
		78F42EDC22D75BE2008E950C /* CheckMark.swift */ = {isa = PBXFileReference; lastKnownFileType = sourcecode.swift; path = CheckMark.swift; sourceTree = "<group>"; };
		78F42EE222D9D4B5008E950C /* ColorPickerVC.swift */ = {isa = PBXFileReference; lastKnownFileType = sourcecode.swift; path = ColorPickerVC.swift; sourceTree = "<group>"; };
		98F216286F61B712AB82F08B /* Pods-Notes.release.xcconfig */ = {isa = PBXFileReference; includeInIndex = 1; lastKnownFileType = text.xcconfig; name = "Pods-Notes.release.xcconfig"; path = "Target Support Files/Pods-Notes/Pods-Notes.release.xcconfig"; sourceTree = "<group>"; };
		BE3A425CBAD5476BBF7B9EEB /* Pods-Notes.debug.xcconfig */ = {isa = PBXFileReference; includeInIndex = 1; lastKnownFileType = text.xcconfig; name = "Pods-Notes.debug.xcconfig"; path = "Target Support Files/Pods-Notes/Pods-Notes.debug.xcconfig"; sourceTree = "<group>"; };
		CD8A0CD3584CAF5C08732240 /* Pods-NotesTests.test.xcconfig */ = {isa = PBXFileReference; includeInIndex = 1; lastKnownFileType = text.xcconfig; name = "Pods-NotesTests.test.xcconfig"; path = "Target Support Files/Pods-NotesTests/Pods-NotesTests.test.xcconfig"; sourceTree = "<group>"; };
		F573B169067C81FC1ADDAB7D /* Pods-NotesTests.release.xcconfig */ = {isa = PBXFileReference; includeInIndex = 1; lastKnownFileType = text.xcconfig; name = "Pods-NotesTests.release.xcconfig"; path = "Target Support Files/Pods-NotesTests/Pods-NotesTests.release.xcconfig"; sourceTree = "<group>"; };
/* End PBXFileReference section */

/* Begin PBXFrameworksBuildPhase section */
		78A7E9A522C87C2100D11AEC /* Frameworks */ = {
			isa = PBXFrameworksBuildPhase;
			buildActionMask = 2147483647;
			files = (
				4F0BE6AD450D9F52E12BFE4E /* libPods-Notes.a in Frameworks */,
			);
			runOnlyForDeploymentPostprocessing = 0;
		};
		78A7E9B922C87C2200D11AEC /* Frameworks */ = {
			isa = PBXFrameworksBuildPhase;
			buildActionMask = 2147483647;
			files = (
				733A038F95489986B1ED7CB7 /* libPods-NotesTests.a in Frameworks */,
			);
			runOnlyForDeploymentPostprocessing = 0;
		};
/* End PBXFrameworksBuildPhase section */

/* Begin PBXGroup section */
		14957BE592343D954FDB983E /* Pods */ = {
			isa = PBXGroup;
			children = (
				BE3A425CBAD5476BBF7B9EEB /* Pods-Notes.debug.xcconfig */,
				98F216286F61B712AB82F08B /* Pods-Notes.release.xcconfig */,
				43F674823D85F6E1B9BB4087 /* Pods-Notes.test.xcconfig */,
				2509A48C09922A87867CEB8D /* Pods-NotesTests.debug.xcconfig */,
				F573B169067C81FC1ADDAB7D /* Pods-NotesTests.release.xcconfig */,
				CD8A0CD3584CAF5C08732240 /* Pods-NotesTests.test.xcconfig */,
			);
			path = Pods;
			sourceTree = "<group>";
		};
		782D772822D41864009E31D9 /* ColorPicker */ = {
			isa = PBXGroup;
			children = (
				789386D622DA04A800D8EFBB /* ColorPickBox.swift */,
			);
			path = ColorPicker;
			sourceTree = "<group>";
		};
		78A7E99F22C87C2100D11AEC = {
			isa = PBXGroup;
			children = (
				78A7E9AA22C87C2100D11AEC /* Notes */,
				78A7E9BF22C87C2200D11AEC /* NotesTests */,
				78A7E9A922C87C2100D11AEC /* Products */,
				14957BE592343D954FDB983E /* Pods */,
				FE1A75A2D937464F6DDBE2D6 /* Frameworks */,
			);
			sourceTree = "<group>";
		};
		78A7E9A922C87C2100D11AEC /* Products */ = {
			isa = PBXGroup;
			children = (
				78A7E9A822C87C2100D11AEC /* Notes.app */,
				78A7E9BC22C87C2200D11AEC /* NotesTests.xctest */,
			);
			name = Products;
			sourceTree = "<group>";
		};
		78A7E9AA22C87C2100D11AEC /* Notes */ = {
			isa = PBXGroup;
			children = (
				78E33D8722DDA13E000786E5 /* UI */,
				78A7E9CB22C87C2B00D11AEC /* Model */,
				78A7E9AB22C87C2100D11AEC /* AppDelegate.swift */,
				78A7E9AF22C87C2100D11AEC /* Main.storyboard */,
				78A7E9B222C87C2200D11AEC /* Assets.xcassets */,
				78A7E9B422C87C2200D11AEC /* LaunchScreen.storyboard */,
				78A7E9B722C87C2200D11AEC /* Info.plist */,
			);
			path = Notes;
			sourceTree = "<group>";
		};
		78A7E9BF22C87C2200D11AEC /* NotesTests */ = {
			isa = PBXGroup;
			children = (
				78A7E9C022C87C2200D11AEC /* NotesTests.swift */,
				78A7E9C222C87C2200D11AEC /* Info.plist */,
			);
			path = NotesTests;
			sourceTree = "<group>";
		};
		78A7E9CB22C87C2B00D11AEC /* Model */ = {
			isa = PBXGroup;
			children = (
				78A7E9D022C87C7D00D11AEC /* FileNotebook.swift */,
				78A7E9CE22C87C7100D11AEC /* NoteExtension.swift */,
				78A7E9CC22C87C5800D11AEC /* Note.swift */,
			);
			path = Model;
			sourceTree = "<group>";
		};
		78E33D1622DCA703000786E5 /* View Conrollers */ = {
			isa = PBXGroup;
			children = (
				78A7E9AD22C87C2100D11AEC /* NoteEditViewController.swift */,
				78F42EE222D9D4B5008E950C /* ColorPickerVC.swift */,
				78E33D1722DCA7BC000786E5 /* NotebookViewController.swift */,
				78E33D8122DD7F8B000786E5 /* NoteTableViewCell.swift */,
				78E33D8222DD7F8B000786E5 /* NoteTableViewCell.xib */,
			);
			path = "View Conrollers";
			sourceTree = "<group>";
		};
		78E33D8722DDA13E000786E5 /* UI */ = {
			isa = PBXGroup;
			children = (
				78E33D8822DDA14B000786E5 /* Views */,
				78E33D1622DCA703000786E5 /* View Conrollers */,
			);
			path = UI;
			sourceTree = "<group>";
		};
		78E33D8822DDA14B000786E5 /* Views */ = {
			isa = PBXGroup;
			children = (
				78F42EDC22D75BE2008E950C /* CheckMark.swift */,
				782D772B22D41883009E31D9 /* ColorPickerView.swift */,
				782D772822D41864009E31D9 /* ColorPicker */,
			);
			path = Views;
			sourceTree = "<group>";
		};
		FE1A75A2D937464F6DDBE2D6 /* Frameworks */ = {
			isa = PBXGroup;
			children = (
				536A0BFEFE2DB76A7D92D2FB /* libPods-Notes.a */,
				73470CAFC2F775C4281E8C27 /* libPods-NotesTests.a */,
			);
			name = Frameworks;
			sourceTree = "<group>";
		};
/* End PBXGroup section */

/* Begin PBXNativeTarget section */
		78A7E9A722C87C2100D11AEC /* Notes */ = {
			isa = PBXNativeTarget;
			buildConfigurationList = 78A7E9C522C87C2200D11AEC /* Build configuration list for PBXNativeTarget "Notes" */;
			buildPhases = (
				E1C99E4291DBE7B41C45D96F /* [CP] Check Pods Manifest.lock */,
				78A7E9A422C87C2100D11AEC /* Sources */,
				78A7E9A522C87C2100D11AEC /* Frameworks */,
				78A7E9A622C87C2100D11AEC /* Resources */,
			);
			buildRules = (
			);
			dependencies = (
			);
			name = Notes;
			productName = Notes;
			productReference = 78A7E9A822C87C2100D11AEC /* Notes.app */;
			productType = "com.apple.product-type.application";
		};
		78A7E9BB22C87C2200D11AEC /* NotesTests */ = {
			isa = PBXNativeTarget;
			buildConfigurationList = 78A7E9C822C87C2200D11AEC /* Build configuration list for PBXNativeTarget "NotesTests" */;
			buildPhases = (
				4D37FA6CB63A6C51CE939C7B /* [CP] Check Pods Manifest.lock */,
				78A7E9B822C87C2200D11AEC /* Sources */,
				78A7E9B922C87C2200D11AEC /* Frameworks */,
				78A7E9BA22C87C2200D11AEC /* Resources */,
			);
			buildRules = (
			);
			dependencies = (
				78A7E9BE22C87C2200D11AEC /* PBXTargetDependency */,
			);
			name = NotesTests;
			productName = NotesTests;
			productReference = 78A7E9BC22C87C2200D11AEC /* NotesTests.xctest */;
			productType = "com.apple.product-type.bundle.unit-test";
		};
/* End PBXNativeTarget section */

/* Begin PBXProject section */
		78A7E9A022C87C2100D11AEC /* Project object */ = {
			isa = PBXProject;
			attributes = {
				LastSwiftUpdateCheck = 1020;
				LastUpgradeCheck = 1020;
				ORGANIZATIONNAME = "Igor Podolskiy";
				TargetAttributes = {
					78A7E9A722C87C2100D11AEC = {
						CreatedOnToolsVersion = 10.2.1;
					};
					78A7E9BB22C87C2200D11AEC = {
						CreatedOnToolsVersion = 10.2.1;
						TestTargetID = 78A7E9A722C87C2100D11AEC;
					};
				};
			};
			buildConfigurationList = 78A7E9A322C87C2100D11AEC /* Build configuration list for PBXProject "Notes" */;
			compatibilityVersion = "Xcode 9.3";
			developmentRegion = en;
			hasScannedForEncodings = 0;
			knownRegions = (
				en,
				Base,
			);
			mainGroup = 78A7E99F22C87C2100D11AEC;
			productRefGroup = 78A7E9A922C87C2100D11AEC /* Products */;
			projectDirPath = "";
			projectRoot = "";
			targets = (
				78A7E9A722C87C2100D11AEC /* Notes */,
				78A7E9BB22C87C2200D11AEC /* NotesTests */,
			);
		};
/* End PBXProject section */

/* Begin PBXResourcesBuildPhase section */
		78A7E9A622C87C2100D11AEC /* Resources */ = {
			isa = PBXResourcesBuildPhase;
			buildActionMask = 2147483647;
			files = (
				78A7E9B622C87C2200D11AEC /* LaunchScreen.storyboard in Resources */,
				78A7E9B322C87C2200D11AEC /* Assets.xcassets in Resources */,
				78A7E9B122C87C2100D11AEC /* Main.storyboard in Resources */,
				78E33D8422DD7F8B000786E5 /* NoteTableViewCell.xib in Resources */,
			);
			runOnlyForDeploymentPostprocessing = 0;
		};
		78A7E9BA22C87C2200D11AEC /* Resources */ = {
			isa = PBXResourcesBuildPhase;
			buildActionMask = 2147483647;
			files = (
			);
			runOnlyForDeploymentPostprocessing = 0;
		};
/* End PBXResourcesBuildPhase section */

/* Begin PBXShellScriptBuildPhase section */
		4D37FA6CB63A6C51CE939C7B /* [CP] Check Pods Manifest.lock */ = {
			isa = PBXShellScriptBuildPhase;
			buildActionMask = 2147483647;
			files = (
			);
			inputFileListPaths = (
			);
			inputPaths = (
				"${PODS_PODFILE_DIR_PATH}/Podfile.lock",
				"${PODS_ROOT}/Manifest.lock",
			);
			name = "[CP] Check Pods Manifest.lock";
			outputFileListPaths = (
			);
			outputPaths = (
				"$(DERIVED_FILE_DIR)/Pods-NotesTests-checkManifestLockResult.txt",
			);
			runOnlyForDeploymentPostprocessing = 0;
			shellPath = /bin/sh;
			shellScript = "diff \"${PODS_PODFILE_DIR_PATH}/Podfile.lock\" \"${PODS_ROOT}/Manifest.lock\" > /dev/null\nif [ $? != 0 ] ; then\n    # print error to STDERR\n    echo \"error: The sandbox is not in sync with the Podfile.lock. Run 'pod install' or update your CocoaPods installation.\" >&2\n    exit 1\nfi\n# This output is used by Xcode 'outputs' to avoid re-running this script phase.\necho \"SUCCESS\" > \"${SCRIPT_OUTPUT_FILE_0}\"\n";
			showEnvVarsInLog = 0;
		};
		E1C99E4291DBE7B41C45D96F /* [CP] Check Pods Manifest.lock */ = {
			isa = PBXShellScriptBuildPhase;
			buildActionMask = 2147483647;
			files = (
			);
			inputFileListPaths = (
			);
			inputPaths = (
				"${PODS_PODFILE_DIR_PATH}/Podfile.lock",
				"${PODS_ROOT}/Manifest.lock",
			);
			name = "[CP] Check Pods Manifest.lock";
			outputFileListPaths = (
			);
			outputPaths = (
				"$(DERIVED_FILE_DIR)/Pods-Notes-checkManifestLockResult.txt",
			);
			runOnlyForDeploymentPostprocessing = 0;
			shellPath = /bin/sh;
			shellScript = "diff \"${PODS_PODFILE_DIR_PATH}/Podfile.lock\" \"${PODS_ROOT}/Manifest.lock\" > /dev/null\nif [ $? != 0 ] ; then\n    # print error to STDERR\n    echo \"error: The sandbox is not in sync with the Podfile.lock. Run 'pod install' or update your CocoaPods installation.\" >&2\n    exit 1\nfi\n# This output is used by Xcode 'outputs' to avoid re-running this script phase.\necho \"SUCCESS\" > \"${SCRIPT_OUTPUT_FILE_0}\"\n";
			showEnvVarsInLog = 0;
		};
/* End PBXShellScriptBuildPhase section */

/* Begin PBXSourcesBuildPhase section */
		78A7E9A422C87C2100D11AEC /* Sources */ = {
			isa = PBXSourcesBuildPhase;
			buildActionMask = 2147483647;
			files = (
				78A7E9D122C87C7D00D11AEC /* FileNotebook.swift in Sources */,
				78A7E9AE22C87C2100D11AEC /* NoteEditViewController.swift in Sources */,
				789386D722DA04A800D8EFBB /* ColorPickBox.swift in Sources */,
				78E33D1822DCA7BC000786E5 /* NotebookViewController.swift in Sources */,
				78F42EDD22D75BE2008E950C /* CheckMark.swift in Sources */,
				78A7E9CF22C87C7100D11AEC /* NoteExtension.swift in Sources */,
				782D772C22D41883009E31D9 /* ColorPickerView.swift in Sources */,
				78F42EE322D9D4B5008E950C /* ColorPickerVC.swift in Sources */,
				78A7E9AC22C87C2100D11AEC /* AppDelegate.swift in Sources */,
				78A7E9CD22C87C5800D11AEC /* Note.swift in Sources */,
				78E33D8322DD7F8B000786E5 /* NoteTableViewCell.swift in Sources */,
			);
			runOnlyForDeploymentPostprocessing = 0;
		};
		78A7E9B822C87C2200D11AEC /* Sources */ = {
			isa = PBXSourcesBuildPhase;
			buildActionMask = 2147483647;
			files = (
				78A7E9C122C87C2200D11AEC /* NotesTests.swift in Sources */,
			);
			runOnlyForDeploymentPostprocessing = 0;
		};
/* End PBXSourcesBuildPhase section */

/* Begin PBXTargetDependency section */
		78A7E9BE22C87C2200D11AEC /* PBXTargetDependency */ = {
			isa = PBXTargetDependency;
			target = 78A7E9A722C87C2100D11AEC /* Notes */;
			targetProxy = 78A7E9BD22C87C2200D11AEC /* PBXContainerItemProxy */;
		};
/* End PBXTargetDependency section */

/* Begin PBXVariantGroup section */
		78A7E9AF22C87C2100D11AEC /* Main.storyboard */ = {
			isa = PBXVariantGroup;
			children = (
				78A7E9B022C87C2100D11AEC /* Base */,
			);
			name = Main.storyboard;
			sourceTree = "<group>";
		};
		78A7E9B422C87C2200D11AEC /* LaunchScreen.storyboard */ = {
			isa = PBXVariantGroup;
			children = (
				78A7E9B522C87C2200D11AEC /* Base */,
			);
			name = LaunchScreen.storyboard;
			sourceTree = "<group>";
		};
/* End PBXVariantGroup section */

/* Begin XCBuildConfiguration section */
		78A7E9C322C87C2200D11AEC /* Debug */ = {
			isa = XCBuildConfiguration;
			buildSettings = {
				ALWAYS_SEARCH_USER_PATHS = NO;
				CLANG_ANALYZER_NONNULL = YES;
				CLANG_ANALYZER_NUMBER_OBJECT_CONVERSION = YES_AGGRESSIVE;
				CLANG_CXX_LANGUAGE_STANDARD = "gnu++14";
				CLANG_CXX_LIBRARY = "libc++";
				CLANG_ENABLE_MODULES = YES;
				CLANG_ENABLE_OBJC_ARC = YES;
				CLANG_ENABLE_OBJC_WEAK = YES;
				CLANG_WARN_BLOCK_CAPTURE_AUTORELEASING = YES;
				CLANG_WARN_BOOL_CONVERSION = YES;
				CLANG_WARN_COMMA = YES;
				CLANG_WARN_CONSTANT_CONVERSION = YES;
				CLANG_WARN_DEPRECATED_OBJC_IMPLEMENTATIONS = YES;
				CLANG_WARN_DIRECT_OBJC_ISA_USAGE = YES_ERROR;
				CLANG_WARN_DOCUMENTATION_COMMENTS = YES;
				CLANG_WARN_EMPTY_BODY = YES;
				CLANG_WARN_ENUM_CONVERSION = YES;
				CLANG_WARN_INFINITE_RECURSION = YES;
				CLANG_WARN_INT_CONVERSION = YES;
				CLANG_WARN_NON_LITERAL_NULL_CONVERSION = YES;
				CLANG_WARN_OBJC_IMPLICIT_RETAIN_SELF = YES;
				CLANG_WARN_OBJC_LITERAL_CONVERSION = YES;
				CLANG_WARN_OBJC_ROOT_CLASS = YES_ERROR;
				CLANG_WARN_RANGE_LOOP_ANALYSIS = YES;
				CLANG_WARN_STRICT_PROTOTYPES = YES;
				CLANG_WARN_SUSPICIOUS_MOVE = YES;
				CLANG_WARN_UNGUARDED_AVAILABILITY = YES_AGGRESSIVE;
				CLANG_WARN_UNREACHABLE_CODE = YES;
				CLANG_WARN__DUPLICATE_METHOD_MATCH = YES;
				CODE_SIGN_IDENTITY = "iPhone Developer";
				COPY_PHASE_STRIP = NO;
				DEBUG_INFORMATION_FORMAT = "dwarf-with-dsym";
				ENABLE_STRICT_OBJC_MSGSEND = YES;
				ENABLE_TESTABILITY = YES;
				GCC_C_LANGUAGE_STANDARD = gnu11;
				GCC_DYNAMIC_NO_PIC = NO;
				GCC_NO_COMMON_BLOCKS = YES;
				GCC_OPTIMIZATION_LEVEL = 0;
				GCC_PREPROCESSOR_DEFINITIONS = (
					"DEBUG=1",
					"$(inherited)",
				);
				GCC_WARN_64_TO_32_BIT_CONVERSION = YES;
				GCC_WARN_ABOUT_RETURN_TYPE = YES_ERROR;
				GCC_WARN_UNDECLARED_SELECTOR = YES;
				GCC_WARN_UNINITIALIZED_AUTOS = YES_AGGRESSIVE;
				GCC_WARN_UNUSED_FUNCTION = YES;
				GCC_WARN_UNUSED_VARIABLE = YES;
				IPHONEOS_DEPLOYMENT_TARGET = 12.1;
				MTL_ENABLE_DEBUG_INFO = INCLUDE_SOURCE;
				MTL_FAST_MATH = YES;
				ONLY_ACTIVE_ARCH = YES;
				SDKROOT = iphoneos;
				SWIFT_ACTIVE_COMPILATION_CONDITIONS = DEBUG;
				SWIFT_OPTIMIZATION_LEVEL = "-Onone";
			};
			name = Debug;
		};
		78A7E9C422C87C2200D11AEC /* Release */ = {
			isa = XCBuildConfiguration;
			buildSettings = {
				ALWAYS_SEARCH_USER_PATHS = NO;
				CLANG_ANALYZER_NONNULL = YES;
				CLANG_ANALYZER_NUMBER_OBJECT_CONVERSION = YES_AGGRESSIVE;
				CLANG_CXX_LANGUAGE_STANDARD = "gnu++14";
				CLANG_CXX_LIBRARY = "libc++";
				CLANG_ENABLE_MODULES = YES;
				CLANG_ENABLE_OBJC_ARC = YES;
				CLANG_ENABLE_OBJC_WEAK = YES;
				CLANG_WARN_BLOCK_CAPTURE_AUTORELEASING = YES;
				CLANG_WARN_BOOL_CONVERSION = YES;
				CLANG_WARN_COMMA = YES;
				CLANG_WARN_CONSTANT_CONVERSION = YES;
				CLANG_WARN_DEPRECATED_OBJC_IMPLEMENTATIONS = YES;
				CLANG_WARN_DIRECT_OBJC_ISA_USAGE = YES_ERROR;
				CLANG_WARN_DOCUMENTATION_COMMENTS = YES;
				CLANG_WARN_EMPTY_BODY = YES;
				CLANG_WARN_ENUM_CONVERSION = YES;
				CLANG_WARN_INFINITE_RECURSION = YES;
				CLANG_WARN_INT_CONVERSION = YES;
				CLANG_WARN_NON_LITERAL_NULL_CONVERSION = YES;
				CLANG_WARN_OBJC_IMPLICIT_RETAIN_SELF = YES;
				CLANG_WARN_OBJC_LITERAL_CONVERSION = YES;
				CLANG_WARN_OBJC_ROOT_CLASS = YES_ERROR;
				CLANG_WARN_RANGE_LOOP_ANALYSIS = YES;
				CLANG_WARN_STRICT_PROTOTYPES = YES;
				CLANG_WARN_SUSPICIOUS_MOVE = YES;
				CLANG_WARN_UNGUARDED_AVAILABILITY = YES_AGGRESSIVE;
				CLANG_WARN_UNREACHABLE_CODE = YES;
				CLANG_WARN__DUPLICATE_METHOD_MATCH = YES;
				CODE_SIGN_IDENTITY = "iPhone Developer";
				COPY_PHASE_STRIP = NO;
				DEBUG_INFORMATION_FORMAT = "dwarf-with-dsym";
				ENABLE_NS_ASSERTIONS = NO;
				ENABLE_STRICT_OBJC_MSGSEND = YES;
				GCC_C_LANGUAGE_STANDARD = gnu11;
				GCC_NO_COMMON_BLOCKS = YES;
				GCC_WARN_64_TO_32_BIT_CONVERSION = YES;
				GCC_WARN_ABOUT_RETURN_TYPE = YES_ERROR;
				GCC_WARN_UNDECLARED_SELECTOR = YES;
				GCC_WARN_UNINITIALIZED_AUTOS = YES_AGGRESSIVE;
				GCC_WARN_UNUSED_FUNCTION = YES;
				GCC_WARN_UNUSED_VARIABLE = YES;
				IPHONEOS_DEPLOYMENT_TARGET = 12.1;
				MTL_ENABLE_DEBUG_INFO = NO;
				MTL_FAST_MATH = YES;
				SDKROOT = iphoneos;
				SWIFT_COMPILATION_MODE = wholemodule;
				SWIFT_OPTIMIZATION_LEVEL = "-O";
				VALIDATE_PRODUCT = YES;
			};
			name = Release;
		};
		78A7E9C622C87C2200D11AEC /* Debug */ = {
			isa = XCBuildConfiguration;
			baseConfigurationReference = BE3A425CBAD5476BBF7B9EEB /* Pods-Notes.debug.xcconfig */;
			buildSettings = {
				ASSETCATALOG_COMPILER_APPICON_NAME = AppIcon;
				CODE_SIGN_STYLE = Automatic;
				DEVELOPMENT_TEAM = DZ9WU6R332;
				INFOPLIST_FILE = Notes/Info.plist;
				LD_RUNPATH_SEARCH_PATHS = (
					"$(inherited)",
					"@executable_path/Frameworks",
				);
				PRODUCT_BUNDLE_IDENTIFIER = "Igor-Podolskiy.Notes";
				PRODUCT_NAME = "$(TARGET_NAME)";
				SWIFT_VERSION = 5.0;
				TARGETED_DEVICE_FAMILY = 1;
			};
			name = Debug;
		};
		78A7E9C722C87C2200D11AEC /* Release */ = {
			isa = XCBuildConfiguration;
			baseConfigurationReference = 98F216286F61B712AB82F08B /* Pods-Notes.release.xcconfig */;
			buildSettings = {
				ASSETCATALOG_COMPILER_APPICON_NAME = AppIcon;
				CODE_SIGN_STYLE = Automatic;
				DEVELOPMENT_TEAM = DZ9WU6R332;
				INFOPLIST_FILE = Notes/Info.plist;
				LD_RUNPATH_SEARCH_PATHS = (
					"$(inherited)",
					"@executable_path/Frameworks",
				);
				PRODUCT_BUNDLE_IDENTIFIER = "Igor-Podolskiy.Notes";
				PRODUCT_NAME = "$(TARGET_NAME)";
				SWIFT_VERSION = 5.0;
				TARGETED_DEVICE_FAMILY = 1;
			};
			name = Release;
		};
		78A7E9C922C87C2200D11AEC /* Debug */ = {
			isa = XCBuildConfiguration;
			baseConfigurationReference = 2509A48C09922A87867CEB8D /* Pods-NotesTests.debug.xcconfig */;
			buildSettings = {
				ALWAYS_EMBED_SWIFT_STANDARD_LIBRARIES = YES;
				BUNDLE_LOADER = "$(TEST_HOST)";
				CODE_SIGN_STYLE = Automatic;
				DEVELOPMENT_TEAM = DZ9WU6R332;
				INFOPLIST_FILE = NotesTests/Info.plist;
				LD_RUNPATH_SEARCH_PATHS = (
					"$(inherited)",
					"@executable_path/Frameworks",
					"@loader_path/Frameworks",
				);
				PRODUCT_BUNDLE_IDENTIFIER = "Igor-Podolskiy.NotesTests";
				PRODUCT_NAME = "$(TARGET_NAME)";
				SWIFT_VERSION = 5.0;
				TARGETED_DEVICE_FAMILY = "1,2";
				TEST_HOST = "$(BUILT_PRODUCTS_DIR)/Notes.app/Notes";
			};
			name = Debug;
		};
		78A7E9CA22C87C2200D11AEC /* Release */ = {
			isa = XCBuildConfiguration;
			baseConfigurationReference = F573B169067C81FC1ADDAB7D /* Pods-NotesTests.release.xcconfig */;
			buildSettings = {
				ALWAYS_EMBED_SWIFT_STANDARD_LIBRARIES = YES;
				BUNDLE_LOADER = "$(TEST_HOST)";
				CODE_SIGN_STYLE = Automatic;
				DEVELOPMENT_TEAM = DZ9WU6R332;
				INFOPLIST_FILE = NotesTests/Info.plist;
				LD_RUNPATH_SEARCH_PATHS = (
					"$(inherited)",
					"@executable_path/Frameworks",
					"@loader_path/Frameworks",
				);
				PRODUCT_BUNDLE_IDENTIFIER = "Igor-Podolskiy.NotesTests";
				PRODUCT_NAME = "$(TARGET_NAME)";
				SWIFT_VERSION = 5.0;
				TARGETED_DEVICE_FAMILY = "1,2";
				TEST_HOST = "$(BUILT_PRODUCTS_DIR)/Notes.app/Notes";
			};
			name = Release;
		};
		78DA446022CCBCF000E336AF /* Test */ = {
			isa = XCBuildConfiguration;
			buildSettings = {
				ALWAYS_SEARCH_USER_PATHS = NO;
				CLANG_ANALYZER_NONNULL = YES;
				CLANG_ANALYZER_NUMBER_OBJECT_CONVERSION = YES_AGGRESSIVE;
				CLANG_CXX_LANGUAGE_STANDARD = "gnu++14";
				CLANG_CXX_LIBRARY = "libc++";
				CLANG_ENABLE_MODULES = YES;
				CLANG_ENABLE_OBJC_ARC = YES;
				CLANG_ENABLE_OBJC_WEAK = YES;
				CLANG_WARN_BLOCK_CAPTURE_AUTORELEASING = YES;
				CLANG_WARN_BOOL_CONVERSION = YES;
				CLANG_WARN_COMMA = YES;
				CLANG_WARN_CONSTANT_CONVERSION = YES;
				CLANG_WARN_DEPRECATED_OBJC_IMPLEMENTATIONS = YES;
				CLANG_WARN_DIRECT_OBJC_ISA_USAGE = YES_ERROR;
				CLANG_WARN_DOCUMENTATION_COMMENTS = YES;
				CLANG_WARN_EMPTY_BODY = YES;
				CLANG_WARN_ENUM_CONVERSION = YES;
				CLANG_WARN_INFINITE_RECURSION = YES;
				CLANG_WARN_INT_CONVERSION = YES;
				CLANG_WARN_NON_LITERAL_NULL_CONVERSION = YES;
				CLANG_WARN_OBJC_IMPLICIT_RETAIN_SELF = YES;
				CLANG_WARN_OBJC_LITERAL_CONVERSION = YES;
				CLANG_WARN_OBJC_ROOT_CLASS = YES_ERROR;
				CLANG_WARN_RANGE_LOOP_ANALYSIS = YES;
				CLANG_WARN_STRICT_PROTOTYPES = YES;
				CLANG_WARN_SUSPICIOUS_MOVE = YES;
				CLANG_WARN_UNGUARDED_AVAILABILITY = YES_AGGRESSIVE;
				CLANG_WARN_UNREACHABLE_CODE = YES;
				CLANG_WARN__DUPLICATE_METHOD_MATCH = YES;
				CODE_SIGN_IDENTITY = "iPhone Developer";
				COPY_PHASE_STRIP = NO;
				DEBUG_INFORMATION_FORMAT = "dwarf-with-dsym";
				ENABLE_NS_ASSERTIONS = NO;
				ENABLE_STRICT_OBJC_MSGSEND = YES;
				GCC_C_LANGUAGE_STANDARD = gnu11;
				GCC_NO_COMMON_BLOCKS = YES;
				GCC_PREPROCESSOR_DEFINITIONS = "TEST=1";
				GCC_WARN_64_TO_32_BIT_CONVERSION = YES;
				GCC_WARN_ABOUT_RETURN_TYPE = YES_ERROR;
				GCC_WARN_UNDECLARED_SELECTOR = YES;
				GCC_WARN_UNINITIALIZED_AUTOS = YES_AGGRESSIVE;
				GCC_WARN_UNUSED_FUNCTION = YES;
				GCC_WARN_UNUSED_VARIABLE = YES;
				IPHONEOS_DEPLOYMENT_TARGET = 12.1;
				MTL_ENABLE_DEBUG_INFO = NO;
				MTL_FAST_MATH = YES;
				SDKROOT = iphoneos;
				SWIFT_COMPILATION_MODE = wholemodule;
				SWIFT_OPTIMIZATION_LEVEL = "-O";
				VALIDATE_PRODUCT = YES;
			};
			name = Test;
		};
		78DA446122CCBCF000E336AF /* Test */ = {
			isa = XCBuildConfiguration;
			baseConfigurationReference = 43F674823D85F6E1B9BB4087 /* Pods-Notes.test.xcconfig */;
			buildSettings = {
				ASSETCATALOG_COMPILER_APPICON_NAME = AppIcon;
				CODE_SIGN_STYLE = Automatic;
				DEVELOPMENT_TEAM = DZ9WU6R332;
				INFOPLIST_FILE = Notes/Info.plist;
				LD_RUNPATH_SEARCH_PATHS = (
					"$(inherited)",
					"@executable_path/Frameworks",
				);
				PRODUCT_BUNDLE_IDENTIFIER = "Igor-Podolskiy.Notes";
				PRODUCT_NAME = "$(TARGET_NAME)";
				SWIFT_VERSION = 5.0;
				TARGETED_DEVICE_FAMILY = 1;
			};
			name = Test;
		};
		78DA446222CCBCF000E336AF /* Test */ = {
			isa = XCBuildConfiguration;
			baseConfigurationReference = CD8A0CD3584CAF5C08732240 /* Pods-NotesTests.test.xcconfig */;
			buildSettings = {
				ALWAYS_EMBED_SWIFT_STANDARD_LIBRARIES = YES;
				BUNDLE_LOADER = "$(TEST_HOST)";
				CODE_SIGN_STYLE = Automatic;
				DEVELOPMENT_TEAM = DZ9WU6R332;
				INFOPLIST_FILE = NotesTests/Info.plist;
				LD_RUNPATH_SEARCH_PATHS = (
					"$(inherited)",
					"@executable_path/Frameworks",
					"@loader_path/Frameworks",
				);
				PRODUCT_BUNDLE_IDENTIFIER = "Igor-Podolskiy.NotesTests";
				PRODUCT_NAME = "$(TARGET_NAME)";
				SWIFT_VERSION = 5.0;
				TARGETED_DEVICE_FAMILY = "1,2";
				TEST_HOST = "$(BUILT_PRODUCTS_DIR)/Notes.app/Notes";
			};
			name = Test;
		};
/* End XCBuildConfiguration section */

/* Begin XCConfigurationList section */
		78A7E9A322C87C2100D11AEC /* Build configuration list for PBXProject "Notes" */ = {
			isa = XCConfigurationList;
			buildConfigurations = (
				78A7E9C322C87C2200D11AEC /* Debug */,
				78A7E9C422C87C2200D11AEC /* Release */,
				78DA446022CCBCF000E336AF /* Test */,
			);
			defaultConfigurationIsVisible = 0;
			defaultConfigurationName = Release;
		};
		78A7E9C522C87C2200D11AEC /* Build configuration list for PBXNativeTarget "Notes" */ = {
			isa = XCConfigurationList;
			buildConfigurations = (
				78A7E9C622C87C2200D11AEC /* Debug */,
				78A7E9C722C87C2200D11AEC /* Release */,
				78DA446122CCBCF000E336AF /* Test */,
			);
			defaultConfigurationIsVisible = 0;
			defaultConfigurationName = Release;
		};
		78A7E9C822C87C2200D11AEC /* Build configuration list for PBXNativeTarget "NotesTests" */ = {
			isa = XCConfigurationList;
			buildConfigurations = (
				78A7E9C922C87C2200D11AEC /* Debug */,
				78A7E9CA22C87C2200D11AEC /* Release */,
				78DA446222CCBCF000E336AF /* Test */,
			);
			defaultConfigurationIsVisible = 0;
			defaultConfigurationName = Release;
		};
/* End XCConfigurationList section */
	};
	rootObject = 78A7E9A022C87C2100D11AEC /* Project object */;
}
